
Microsoft Visual Studio Solution File, Format Version 12.00
# Visual Studio Version 17
VisualStudioVersion = 17.11.35312.102
MinimumVisualStudioVersion = 10.0.40219.1
Project("{FAE04EC0-301F-11D3-BF4B-00C04F79EFBC}") = "SwitchCase", "SwitchCase.csproj", "{4BC699B4-92C9-43E3-92C1-C30B13466528}"
EndProject
Global
	GlobalSection(SolutionConfigurationPlatforms) = preSolution
		Debug|Any CPU = Debug|Any CPU
		Release|Any CPU = Release|Any CPU
	EndGlobalSection
	GlobalSection(ProjectConfigurationPlatforms) = postSolution
		{4BC699B4-92C9-43E3-92C1-C30B13466528}.Debug|Any CPU.ActiveCfg = Debug|Any CPU
		{4BC699B4-92C9-43E3-92C1-C30B13466528}.Debug|Any CPU.Build.0 = Debug|Any CPU
		{4BC699B4-92C9-43E3-92C1-C30B13466528}.Release|Any CPU.ActiveCfg = Release|Any CPU
		{4BC699B4-92C9-43E3-92C1-C30B13466528}.Release|Any CPU.Build.0 = Release|Any CPU
	EndGlobalSection
	GlobalSection(SolutionProperties) = preSolution
		HideSolutionNode = FALSE
	EndGlobalSection
	GlobalSection(ExtensibilityGlobals) = postSolution
		SolutionGuid = {5B0319CE-AD85-4CE9-988E-78FF8108A262}
	EndGlobalSection
EndGlobal
