
Microsoft Visual Studio Solution File, Format Version 12.00
# Visual Studio Version 17
VisualStudioVersion = 17.11.35312.102
MinimumVisualStudioVersion = 10.0.40219.1
Project("{FAE04EC0-301F-11D3-BF4B-00C04F79EFBC}") = "Enumeracao", "Enumeracao.csproj", "{A43FAAD0-DA9C-4CC2-8CA2-9135128F1BB1}"
EndProject
Global
	GlobalSection(SolutionConfigurationPlatforms) = preSolution
		Debug|Any CPU = Debug|Any CPU
		Release|Any CPU = Release|Any CPU
	EndGlobalSection
	GlobalSection(ProjectConfigurationPlatforms) = postSolution
		{A43FAAD0-DA9C-4CC2-8CA2-9135128F1BB1}.Debug|Any CPU.ActiveCfg = Debug|Any CPU
		{A43FAAD0-DA9C-4CC2-8CA2-9135128F1BB1}.Debug|Any CPU.Build.0 = Debug|Any CPU
		{A43FAAD0-DA9C-4CC2-8CA2-9135128F1BB1}.Release|Any CPU.ActiveCfg = Release|Any CPU
		{A43FAAD0-DA9C-4CC2-8CA2-9135128F1BB1}.Release|Any CPU.Build.0 = Release|Any CPU
	EndGlobalSection
	GlobalSection(SolutionProperties) = preSolution
		HideSolutionNode = FALSE
	EndGlobalSection
	GlobalSection(ExtensibilityGlobals) = postSolution
		SolutionGuid = {76F3CF69-9578-47D9-B0EE-CDC11F33DE79}
	EndGlobalSection
EndGlobal
