
Microsoft Visual Studio Solution File, Format Version 12.00
# Visual Studio Version 17
VisualStudioVersion = 17.11.35312.102
MinimumVisualStudioVersion = 10.0.40219.1
Project("{FAE04EC0-301F-11D3-BF4B-00C04F79EFBC}") = "PostComents", "PostComents.csproj", "{C50EDE0A-89F8-4CA6-AF40-90C2607082FF}"
EndProject
Global
	GlobalSection(SolutionConfigurationPlatforms) = preSolution
		Debug|Any CPU = Debug|Any CPU
		Release|Any CPU = Release|Any CPU
	EndGlobalSection
	GlobalSection(ProjectConfigurationPlatforms) = postSolution
		{C50EDE0A-89F8-4CA6-AF40-90C2607082FF}.Debug|Any CPU.ActiveCfg = Debug|Any CPU
		{C50EDE0A-89F8-4CA6-AF40-90C2607082FF}.Debug|Any CPU.Build.0 = Debug|Any CPU
		{C50EDE0A-89F8-4CA6-AF40-90C2607082FF}.Release|Any CPU.ActiveCfg = Release|Any CPU
		{C50EDE0A-89F8-4CA6-AF40-90C2607082FF}.Release|Any CPU.Build.0 = Release|Any CPU
	EndGlobalSection
	GlobalSection(SolutionProperties) = preSolution
		HideSolutionNode = FALSE
	EndGlobalSection
	GlobalSection(ExtensibilityGlobals) = postSolution
		SolutionGuid = {9CD20A58-92D7-4B05-A112-4B212394B260}
	EndGlobalSection
EndGlobal
