
Microsoft Visual Studio Solution File, Format Version 12.00
# Visual Studio Version 17
VisualStudioVersion = 17.11.35312.102
MinimumVisualStudioVersion = 10.0.40219.1
Project("{FAE04EC0-301F-11D3-BF4B-00C04F79EFBC}") = "ProductUsedImported", "ProductUsedImported.csproj", "{D988371F-E875-4A54-9CE0-BF72A4362E83}"
EndProject
Global
	GlobalSection(SolutionConfigurationPlatforms) = preSolution
		Debug|Any CPU = Debug|Any CPU
		Release|Any CPU = Release|Any CPU
	EndGlobalSection
	GlobalSection(ProjectConfigurationPlatforms) = postSolution
		{D988371F-E875-4A54-9CE0-BF72A4362E83}.Debug|Any CPU.ActiveCfg = Debug|Any CPU
		{D988371F-E875-4A54-9CE0-BF72A4362E83}.Debug|Any CPU.Build.0 = Debug|Any CPU
		{D988371F-E875-4A54-9CE0-BF72A4362E83}.Release|Any CPU.ActiveCfg = Release|Any CPU
		{D988371F-E875-4A54-9CE0-BF72A4362E83}.Release|Any CPU.Build.0 = Release|Any CPU
	EndGlobalSection
	GlobalSection(SolutionProperties) = preSolution
		HideSolutionNode = FALSE
	EndGlobalSection
	GlobalSection(ExtensibilityGlobals) = postSolution
		SolutionGuid = {37B3757E-9176-4067-BA8E-4B9B2168F24A}
	EndGlobalSection
EndGlobal
