
Microsoft Visual Studio Solution File, Format Version 12.00
# Visual Studio Version 17
VisualStudioVersion = 17.11.35312.102
MinimumVisualStudioVersion = 10.0.40219.1
Project("{FAE04EC0-301F-11D3-BF4B-00C04F79EFBC}") = "FuncString", "FuncString.csproj", "{CF624454-9370-475C-A959-F1B7FEE32509}"
EndProject
Global
	GlobalSection(SolutionConfigurationPlatforms) = preSolution
		Debug|Any CPU = Debug|Any CPU
		Release|Any CPU = Release|Any CPU
	EndGlobalSection
	GlobalSection(ProjectConfigurationPlatforms) = postSolution
		{CF624454-9370-475C-A959-F1B7FEE32509}.Debug|Any CPU.ActiveCfg = Debug|Any CPU
		{CF624454-9370-475C-A959-F1B7FEE32509}.Debug|Any CPU.Build.0 = Debug|Any CPU
		{CF624454-9370-475C-A959-F1B7FEE32509}.Release|Any CPU.ActiveCfg = Release|Any CPU
		{CF624454-9370-475C-A959-F1B7FEE32509}.Release|Any CPU.Build.0 = Release|Any CPU
	EndGlobalSection
	GlobalSection(SolutionProperties) = preSolution
		HideSolutionNode = FALSE
	EndGlobalSection
	GlobalSection(ExtensibilityGlobals) = postSolution
		SolutionGuid = {708A6141-5843-47D8-ABB3-5A2B397AE44C}
	EndGlobalSection
EndGlobal
