
Microsoft Visual Studio Solution File, Format Version 12.00
# Visual Studio Version 17
VisualStudioVersion = 17.14.36202.13 d17.14
MinimumVisualStudioVersion = 10.0.40219.1
Project("{FAE04EC0-301F-11D3-BF4B-00C04F79EFBC}") = "HashSetSortedSet", "HashSetSortedSet.csproj", "{B93C3E38-6325-402E-B209-7354DEEB9256}"
EndProject
Global
	GlobalSection(SolutionConfigurationPlatforms) = preSolution
		Debug|Any CPU = Debug|Any CPU
		Release|Any CPU = Release|Any CPU
	EndGlobalSection
	GlobalSection(ProjectConfigurationPlatforms) = postSolution
		{B93C3E38-6325-402E-B209-7354DEEB9256}.Debug|Any CPU.ActiveCfg = Debug|Any CPU
		{B93C3E38-6325-402E-B209-7354DEEB9256}.Debug|Any CPU.Build.0 = Debug|Any CPU
		{B93C3E38-6325-402E-B209-7354DEEB9256}.Release|Any CPU.ActiveCfg = Release|Any CPU
		{B93C3E38-6325-402E-B209-7354DEEB9256}.Release|Any CPU.Build.0 = Release|Any CPU
	EndGlobalSection
	GlobalSection(SolutionProperties) = preSolution
		HideSolutionNode = FALSE
	EndGlobalSection
	GlobalSection(ExtensibilityGlobals) = postSolution
		SolutionGuid = {B62E185B-1AF6-4537-9407-C64E75AEFAA4}
	EndGlobalSection
EndGlobal
