
Microsoft Visual Studio Solution File, Format Version 12.00
# Visual Studio Version 17
VisualStudioVersion = 17.11.35312.102
MinimumVisualStudioVersion = 10.0.40219.1
Project("{FAE04EC0-301F-11D3-BF4B-00C04F79EFBC}") = "MexendoComPath", "MexendoComPath.csproj", "{2C559CC8-B19E-456E-98D9-81E1E76187FD}"
EndProject
Global
	GlobalSection(SolutionConfigurationPlatforms) = preSolution
		Debug|Any CPU = Debug|Any CPU
		Release|Any CPU = Release|Any CPU
	EndGlobalSection
	GlobalSection(ProjectConfigurationPlatforms) = postSolution
		{2C559CC8-B19E-456E-98D9-81E1E76187FD}.Debug|Any CPU.ActiveCfg = Debug|Any CPU
		{2C559CC8-B19E-456E-98D9-81E1E76187FD}.Debug|Any CPU.Build.0 = Debug|Any CPU
		{2C559CC8-B19E-456E-98D9-81E1E76187FD}.Release|Any CPU.ActiveCfg = Release|Any CPU
		{2C559CC8-B19E-456E-98D9-81E1E76187FD}.Release|Any CPU.Build.0 = Release|Any CPU
	EndGlobalSection
	GlobalSection(SolutionProperties) = preSolution
		HideSolutionNode = FALSE
	EndGlobalSection
	GlobalSection(ExtensibilityGlobals) = postSolution
		SolutionGuid = {E2B2574A-1807-4419-99D3-6C99A1E9EE34}
	EndGlobalSection
EndGlobal
